
Microsoft Visual Studio Solution File, Format Version 12.00
# Visual Studio 15
VisualStudioVersion = 15.0.27428.2027
MinimumVisualStudioVersion = 10.0.40219.1
Project("{FAE04EC0-301F-11D3-BF4B-00C04F79EFBC}") = "ReadXml", "ReadXml\ReadXml.csproj", "{EC675D55-6E1E-40D1-9A26-3EE45DE78F79}"
EndProject
Global
	GlobalSection(SolutionConfigurationPlatforms) = preSolution
		Debug|Any CPU = Debug|Any CPU
		Release|Any CPU = Release|Any CPU
	EndGlobalSection
	GlobalSection(ProjectConfigurationPlatforms) = postSolution
		{EC675D55-6E1E-40D1-9A26-3EE45DE78F79}.Debug|Any CPU.ActiveCfg = Debug|Any CPU
		{EC675D55-6E1E-40D1-9A26-3EE45DE78F79}.Debug|Any CPU.Build.0 = Debug|Any CPU
		{EC675D55-6E1E-40D1-9A26-3EE45DE78F79}.Release|Any CPU.ActiveCfg = Release|Any CPU
		{EC675D55-6E1E-40D1-9A26-3EE45DE78F79}.Release|Any CPU.Build.0 = Release|Any CPU
	EndGlobalSection
	GlobalSection(SolutionProperties) = preSolution
		HideSolutionNode = FALSE
	EndGlobalSection
	GlobalSection(ExtensibilityGlobals) = postSolution
		SolutionGuid = {18B4BB1F-73FE-410A-B3E2-2EC6A026E908}
	EndGlobalSection
EndGlobal
